{
    "_readme": [
        "This file locks the dependencies of your project to a known state",
        "Read more about it at http://getcomposer.org/doc/01-basic-usage.md#composer-lock-the-lock-file"
    ],
    "hash": "9a39452cb9f1a5879e4845ff7f8224ab",
    "packages": [
        {
            "name": "bjyoungblood/bjy-authorize",
            "version": "1.4.0",
            "source": {
                "type": "git",
                "url": "https://github.com/bjyoungblood/BjyAuthorize.git",
                "reference": "02723bd19f0bba33649d708022f8d0e0b795f57a"
            },
            "dist": {
                "type": "zip",
                "url": "https://api.github.com/repos/bjyoungblood/BjyAuthorize/zipball/02723bd19f0bba33649d708022f8d0e0b795f57a",
                "reference": "02723bd19f0bba33649d708022f8d0e0b795f57a",
                "shasum": ""
            },
            "require": {
                "php": ">=5.3.3",
                "zendframework/zend-cache": "~2.1",
                "zendframework/zend-eventmanager": "~2.1",
                "zendframework/zend-http": "~2.1",
                "zendframework/zend-mvc": "~2.1",
                "zendframework/zend-permissions-acl": "~2.1",
                "zendframework/zend-servicemanager": "~2.1",
                "zendframework/zend-view": "~2.1"
            },
            "require-dev": {
                "doctrine/common": ">=2.3,<2.5-dev",
                "phpunit/phpunit": "~3.7",
                "satooshi/php-coveralls": "~0.6",
                "squizlabs/php_codesniffer": "1.4.*",
                "zendframework/zend-developer-tools": "0.*",
                "zf-commons/zfc-user": "0.*"
            },
            "type": "library",
            "extra": {
                "branch-alias": {
                    "dev-master": "1.4-dev"
                }
            },
            "autoload": {
                "psr-0": {
                    "BjyAuthorize\\": "src/"
                }
            },
            "notification-url": "https://packagist.org/downloads/",
            "license": [
                "BSD-3-Clause"
            ],
            "authors": [
                {
                    "name": "Marco Pivetta",
                    "email": "ocramius@gmail.com",
                    "homepage": "http://ocramius.github.com/",
                    "role": "Developer"
                },
                {
                    "name": "Ben Youngblood",
                    "email": "bx.youngblood@gmail.com",
                    "homepage": "http://bjyoungblood.com/",
                    "role": "Developer"
                }
            ],
            "description": "Zend\\Acl based firewall system for ZF2 dispatch protection",
            "homepage": "https://github.com/bjyoungblood/BjyAuthorize",
            "keywords": [
                "acl",
                "zf2",
                "zfc-user"
            ],
            "time": "2013-07-05 11:59:46"
        },
        {
            "name": "bjyoungblood/bjy-profiler",
            "version": "dev-master",
            "source": {
                "type": "git",
                "url": "https://github.com/bjyoungblood/BjyProfiler.git",
                "reference": "b08b65a479e7fcdbfae9442fbda8e4ec7fb5852b"
            },
            "dist": {
                "type": "zip",
                "url": "https://api.github.com/repos/bjyoungblood/BjyProfiler/zipball/b08b65a479e7fcdbfae9442fbda8e4ec7fb5852b",
                "reference": "b08b65a479e7fcdbfae9442fbda8e4ec7fb5852b",
                "shasum": ""
            },
            "require": {
                "php": ">=5.3",
                "zendframework/zend-db": ">=2.1.0"
            },
            "type": "library",
            "autoload": {
                "psr-0": {
                    "BjyProfiler": "src/"
                },
                "classmap": [
                    "./Module.php"
                ]
            },
            "notification-url": "https://packagist.org/downloads/",
            "license": [
                "MIT"
            ],
            "authors": [
                {
                    "name": "Ben Youngblood",
                    "email": "bx.youngblood@gmail.com",
                    "homepage": "http://bjyoungblood.com/",
                    "role": "Developer"
                }
            ],
            "description": "Database profiler for Zend\\Db (also plugin for ZendDeveloperTools)",
            "homepage": "https://github.com/bjyoungblood/BjyProfiler",
            "keywords": [
                "db",
                "profiler",
                "zdt",
                "zf2"
            ],
            "time": "2014-04-17 14:44:15"
        },
        {
            "name": "goalio/goalio-forgotpassword",
            "version": "0.1.3",
            "source": {
                "type": "git",
                "url": "https://github.com/goalio/GoalioForgotPassword.git",
                "reference": "308231be9c882e44ce11ee5dd1d426d39697cc44"
            },
            "dist": {
                "type": "zip",
                "url": "https://api.github.com/repos/goalio/GoalioForgotPassword/zipball/308231be9c882e44ce11ee5dd1d426d39697cc44",
                "reference": "308231be9c882e44ce11ee5dd1d426d39697cc44",
                "shasum": ""
            },
            "require": {
                "goalio/goalio-mailservice": "0.*",
                "php": ">=5.3.3",
                "zendframework/zendframework": "2.*",
                "zf-commons/zfc-base": "0.*",
                "zf-commons/zfc-user": "0.*"
            },
            "type": "library",
            "autoload": {
                "psr-0": {
                    "GoalioForgotPassword": "src/"
                },
                "classmap": [
                    "./Module.php"
                ]
            },
            "notification-url": "https://packagist.org/downloads/",
            "authors": [
                {
                    "name": "Philipp Dobrigkeit",
                    "email": "p.dobrigkeit@goalio.de",
                    "homepage": "http://www.goalio.de"
                }
            ],
            "description": "Adding Forgot Password functionalitiy to ZfcUser",
            "homepage": "https://github.com/goalio/GoalioForgotPassword",
            "keywords": [
                "zf2",
                "zfcuser"
            ],
            "time": "2014-03-08 13:34:44"
        },
        {
            "name": "goalio/goalio-mailservice",
            "version": "0.1.1",
            "source": {
                "type": "git",
                "url": "https://github.com/goalio/GoalioMailService.git",
                "reference": "0e1bebb61b78b8af7f7cd20a1c5067dc1d0e593a"
            },
            "dist": {
                "type": "zip",
                "url": "https://api.github.com/repos/goalio/GoalioMailService/zipball/0e1bebb61b78b8af7f7cd20a1c5067dc1d0e593a",
                "reference": "0e1bebb61b78b8af7f7cd20a1c5067dc1d0e593a",
                "shasum": ""
            },
            "require": {
                "php": ">=5.3.3",
                "zendframework/zendframework": "2.*"
            },
            "type": "library",
            "autoload": {
                "psr-0": {
                    "GoalioMailService": "src/"
                },
                "classmap": [
                    "./Module.php"
                ]
            },
            "notification-url": "https://packagist.org/downloads/",
            "authors": [
                {
                    "name": "Philipp Dobrigkeit",
                    "email": "p.dobrigkeit@goalio.de",
                    "homepage": "http://www.goalio.de"
                }
            ],
            "description": "Provide configurable Mail Transport Factories for ZF2",
            "homepage": "https://github.com/goalio/GoalioMailService",
            "keywords": [
                "zf2"
            ],
            "time": "2013-08-13 10:08:53"
        },
        {
            "name": "hybridauth/hybridauth",
            "version": "dev-master",
            "source": {
                "type": "git",
                "url": "https://github.com/hybridauth/hybridauth.git",
                "reference": "6efc57c093d703decf4e3545ae83a00d729ce473"
            },
            "dist": {
                "type": "zip",
                "url": "https://api.github.com/repos/hybridauth/hybridauth/zipball/6efc57c093d703decf4e3545ae83a00d729ce473",
                "reference": "6efc57c093d703decf4e3545ae83a00d729ce473",
                "shasum": ""
            },
            "require": {
                "ext-curl": "*",
                "php": ">=5.2.0"
            },
            "type": "library",
            "autoload": {
                "psr-0": {
                    "Hybrid": "hybridauth/"
                }
            },
            "notification-url": "https://packagist.org/downloads/",
            "license": [
                "(MIT or GPL-3.0+)"
            ],
            "authors": [
                {
                    "name": "Miled",
                    "email": "hybridauth@gmail.com"
                }
            ],
            "description": "Open source social sign on PHP library.",
            "homepage": "http://hybridauth.sourceforge.net",
            "keywords": [
                "OpenId",
                "facebook",
                "google",
                "hybridauth",
                "login",
                "oauth",
                "social",
                "twitter",
                "yahoo"
            ],
            "time": "2014-05-15 19:50:46"
        },
        {
            "name": "phly/phly-contact",
            "version": "dev-master",
            "source": {
                "type": "git",
                "url": "https://github.com/phly/PhlyContact.git",
                "reference": "337cefe68214902e7a88f365c6c8601c6eee7e2b"
            },
            "dist": {
                "type": "zip",
                "url": "https://api.github.com/repos/phly/PhlyContact/zipball/337cefe68214902e7a88f365c6c8601c6eee7e2b",
                "reference": "337cefe68214902e7a88f365c6c8601c6eee7e2b",
                "shasum": ""
            },
            "require": {
                "php": ">=5.3.3",
                "zendframework/zendframework": "2.*"
            },
            "type": "library",
            "autoload": {
                "psr-0": {
                    "PhlyContact": "src/"
                },
                "classmap": [
                    "./"
                ]
            },
            "notification-url": "https://packagist.org/downloads/",
            "authors": [
                {
                    "name": "Matthew Weier O'Phinney",
                    "email": "matthew@weierophinney.net",
                    "homepage": "http://mwop.net/",
                    "role": "Developer"
                }
            ],
            "description": "ZF2 Module implementing contact form functionality",
            "homepage": "https://github.com/weierophinney/PhlyContact",
            "keywords": [
                "module",
                "zend",
                "zf2"
            ],
            "time": "2012-09-14 23:16:25"
        },
        {
            "name": "socalnick/scn-social-auth",
            "version": "dev-master",
            "source": {
                "type": "git",
                "url": "https://github.com/SocalNick/ScnSocialAuth.git",
                "reference": "a73796402866f51c7447527ae8e93dc0ef399cf3"
            },
            "dist": {
                "type": "zip",
                "url": "https://api.github.com/repos/SocalNick/ScnSocialAuth/zipball/a73796402866f51c7447527ae8e93dc0ef399cf3",
                "reference": "a73796402866f51c7447527ae8e93dc0ef399cf3",
                "shasum": ""
            },
            "require": {
                "hybridauth/hybridauth": "dev-master",
                "php": ">=5.3.3",
                "zendframework/zendframework": "2.*",
                "zf-commons/zfc-base": "0.1.*",
                "zf-commons/zfc-user": "0.1.*"
            },
            "require-dev": {
                "mockery/mockery": "0.8.0"
            },
            "type": "library",
            "autoload": {
                "psr-0": {
                    "ScnSocialAuth": "src/",
                    "ScnSocialAuthTest": "test/"
                },
                "classmap": [
                    "./"
                ]
            },
            "notification-url": "https://packagist.org/downloads/",
            "license": [
                "BSD-3-Clause"
            ],
            "authors": [
                {
                    "name": "Nicholas Calugar",
                    "email": "njcalugar@gmail.com",
                    "homepage": "http://socalnick.github.com/",
                    "role": "Developer"
                }
            ],
            "description": "Uses the HybridAuth PHP library to Enable authentication via Google, Facebook, Twitter, Yahoo!, etc for the ZfcUser ZF2 module.",
            "homepage": "https://github.com/SocalNick/ScnSocialAuth",
            "keywords": [
                "zf2"
            ],
            "time": "2014-03-09 00:14:03"
        },
        {
            "name": "tecnick.com/tcpdf",
            "version": "dev-master",
            "source": {
                "type": "git",
                "url": "git://git.code.sf.net/p/tcpdf/code",
                "reference": "fcd0098a2a8b0fb88e6ea291393dc8c1ecb2f38b"
            },
            "require": {
                "php": ">=5.3.0"
            },
            "type": "library",
            "autoload": {
                "classmap": [
                    "fonts",
                    "config",
                    "include",
                    "tcpdf.php",
                    "tcpdf_parser.php",
                    "tcpdf_import.php",
                    "tcpdf_barcodes_1d.php",
                    "tcpdf_barcodes_2d.php",
                    "include/tcpdf_colors.php",
                    "include/tcpdf_filters.php",
                    "include/tcpdf_font_data.php",
                    "include/tcpdf_fonts.php",
                    "include/tcpdf_images.php",
                    "include/tcpdf_static.php",
                    "include/barcodes/datamatrix.php",
                    "include/barcodes/pdf417.php",
                    "include/barcodes/qrcode.php"
                ]
            },
            "notification-url": "https://packagist.org/downloads/",
            "license": [
                "LGPLv3"
            ],
            "authors": [
                {
                    "name": "Nicola Asuni",
                    "email": "info@tecnick.com",
                    "homepage": "http://nicolaasuni.tecnick.com"
                }
            ],
            "description": "TCPDF is a PHP class for generating PDF documents.",
            "homepage": "http://www.tcpdf.org/",
            "keywords": [
                "PDFD32000-2008",
                "TCPDF",
                "barcodes",
                "datamatrix",
                "pdf",
                "pdf417",
                "qrcode"
            ],
            "time": "2014-05-20 19:50:29"
        },
        {
            "name": "thadafinser/zfc-datagrid",
            "version": "dev-master",
            "source": {
                "type": "git",
                "url": "https://github.com/ThaDafinser/ZfcDatagrid.git",
                "reference": "87ec7488f2b78c6b1d5a891d7327ea0d6f571f98"
            },
            "dist": {
                "type": "zip",
                "url": "https://api.github.com/repos/ThaDafinser/ZfcDatagrid/zipball/87ec7488f2b78c6b1d5a891d7327ea0d6f571f98",
                "reference": "87ec7488f2b78c6b1d5a891d7327ea0d6f571f98",
                "shasum": ""
            },
            "require": {
                "php": ">=5.3.3",
                "zendframework/zend-cache": "~2.2",
                "zendframework/zend-http": "~2.2",
                "zendframework/zend-modulemanager": "~2.2",
                "zendframework/zend-mvc": "~2.2",
                "zendframework/zend-paginator": "~2.2",
                "zendframework/zend-session": "~2.2",
                "zendframework/zend-view": "~2.2"
            },
            "require-dev": {
                "doctrine/doctrine-orm-module": ">=0.8",
                "fabpot/php-cs-fixer": "*@dev",
                "phpunit/phpunit": "~3.7",
                "satooshi/php-coveralls": "dev-master",
                "zendframework/zendframework": "~2.2"
            },
            "suggest": {
                "codeplex/phpexcel": "~1.7",
                "doctrine/doctrine-orm-module": ">=0.8",
                "ext-intl": "*",
                "tecnick.com/tcpdf": "~6.0"
            },
            "type": "library",
            "autoload": {
                "psr-0": {
                    "ZfcDatagrid\\": "src/",
                    "ZfcDatagridTest\\": "tests/"
                }
            },
            "notification-url": "https://packagist.org/downloads/",
            "license": [
                "WTFPL"
            ],
            "authors": [
                {
                    "name": "Martin Keckeis",
                    "email": "martin.keckeis1@gmail.com"
                }
            ],
            "description": "Zend Framework 2 Module that provides a datagrid for different datasources and output formats",
            "keywords": [
                "Zend Framework",
                "ZfcDatagrid",
                "datagrid",
                "datatable",
                "module",
                "zf2"
            ],
            "time": "2014-05-16 12:27:55"
        },
        {
            "name": "zendframework/zend-developer-tools",
            "version": "0.0.2",
            "source": {
                "type": "git",
                "url": "https://github.com/zendframework/ZendDeveloperTools.git",
                "reference": "9b9311311fdb562494f89e62eb4649d687b58364"
            },
            "dist": {
                "type": "zip",
                "url": "https://api.github.com/repos/zendframework/ZendDeveloperTools/zipball/9b9311311fdb562494f89e62eb4649d687b58364",
                "reference": "9b9311311fdb562494f89e62eb4649d687b58364",
                "shasum": ""
            },
            "require": {
                "php": ">=5.3.3",
                "zendframework/zend-debug": "2.*",
                "zendframework/zend-eventmanager": "2.*",
                "zendframework/zend-mvc": "2.*",
                "zendframework/zend-servicemanager": "2.*",
                "zendframework/zend-stdlib": "2.*",
                "zendframework/zend-version": "2.*"
            },
            "suggest": {
                "bjyoungblood/bjy-profiler": "Version: dev-master, allows the usage of the (Zend) Db collector.",
                "ocramius/ocra-service-manager": "OcraServiceManager can help you track dependencies within your application."
            },
            "type": "zf-module",
            "autoload": {
                "psr-0": {
                    "ZendDeveloperTools": "src/"
                },
                "classmap": [
                    "./Module.php"
                ]
            },
            "notification-url": "https://packagist.org/downloads/",
            "license": [
                "BSD-3-Clause"
            ],
            "authors": [
                {
                    "name": "Evan Coury",
                    "email": "me@evancoury.com",
                    "homepage": "http://blog.evan.pro/"
                },
                {
                    "name": "Eric Boh",
                    "email": "cossish@gmail.com"
                }
            ],
            "description": "Module for developer and debug tools for working with the ZF2 MVC layer.",
            "homepage": "https://github.com/zendframework/ZendDeveloperTools",
            "keywords": [
                "debug",
                "developer",
                "module",
                "zf2"
            ],
            "time": "2013-07-08 19:52:34"
        },
        {
            "name": "zendframework/zendframework",
            "version": "2.3.1",
            "source": {
                "type": "git",
                "url": "https://github.com/zendframework/zf2.git",
                "reference": "055eac4314425c291f3ef0e104a6196a8fc24cd5"
            },
            "dist": {
                "type": "zip",
                "url": "https://api.github.com/repos/zendframework/zf2/zipball/055eac4314425c291f3ef0e104a6196a8fc24cd5",
                "reference": "055eac4314425c291f3ef0e104a6196a8fc24cd5",
                "shasum": ""
            },
            "require": {
                "php": ">=5.3.23",
                "zendframework/zendxml": "~1.0-dev"
            },
            "replace": {
                "zendframework/zend-authentication": "self.version",
                "zendframework/zend-barcode": "self.version",
                "zendframework/zend-cache": "self.version",
                "zendframework/zend-captcha": "self.version",
                "zendframework/zend-code": "self.version",
                "zendframework/zend-config": "self.version",
                "zendframework/zend-console": "self.version",
                "zendframework/zend-crypt": "self.version",
                "zendframework/zend-db": "self.version",
                "zendframework/zend-debug": "self.version",
                "zendframework/zend-di": "self.version",
                "zendframework/zend-dom": "self.version",
                "zendframework/zend-escaper": "self.version",
                "zendframework/zend-eventmanager": "self.version",
                "zendframework/zend-feed": "self.version",
                "zendframework/zend-file": "self.version",
                "zendframework/zend-filter": "self.version",
                "zendframework/zend-form": "self.version",
                "zendframework/zend-http": "self.version",
                "zendframework/zend-i18n": "self.version",
                "zendframework/zend-inputfilter": "self.version",
                "zendframework/zend-json": "self.version",
                "zendframework/zend-ldap": "self.version",
                "zendframework/zend-loader": "self.version",
                "zendframework/zend-log": "self.version",
                "zendframework/zend-mail": "self.version",
                "zendframework/zend-math": "self.version",
                "zendframework/zend-memory": "self.version",
                "zendframework/zend-mime": "self.version",
                "zendframework/zend-modulemanager": "self.version",
                "zendframework/zend-mvc": "self.version",
                "zendframework/zend-navigation": "self.version",
                "zendframework/zend-paginator": "self.version",
                "zendframework/zend-permissions-acl": "self.version",
                "zendframework/zend-permissions-rbac": "self.version",
                "zendframework/zend-progressbar": "self.version",
                "zendframework/zend-resources": "self.version",
                "zendframework/zend-serializer": "self.version",
                "zendframework/zend-server": "self.version",
                "zendframework/zend-servicemanager": "self.version",
                "zendframework/zend-session": "self.version",
                "zendframework/zend-soap": "self.version",
                "zendframework/zend-stdlib": "self.version",
                "zendframework/zend-tag": "self.version",
                "zendframework/zend-test": "self.version",
                "zendframework/zend-text": "self.version",
                "zendframework/zend-uri": "self.version",
                "zendframework/zend-validator": "self.version",
                "zendframework/zend-version": "self.version",
                "zendframework/zend-view": "self.version",
                "zendframework/zend-xmlrpc": "self.version"
            },
            "require-dev": {
                "doctrine/annotations": ">=1.0",
                "fabpot/php-cs-fixer": "*@dev",
                "ircmaxell/random-lib": "dev-master",
                "ircmaxell/security-lib": "dev-master",
                "mikey179/vfsstream": "1.2.*",
                "phpunit/phpunit": "3.7.*",
                "satooshi/php-coveralls": "dev-master",
                "sebastianbergmann/phpcov": "1.1.0"
            },
            "suggest": {
                "doctrine/annotations": "Doctrine Annotations >=1.0 for annotation features",
                "ext-intl": "ext/intl for i18n features (included in default builds of PHP)",
                "ircmaxell/random-lib": "Fallback random byte generator for Zend\\Math\\Rand if OpenSSL/Mcrypt extensions are unavailable",
                "ocramius/proxy-manager": "ProxyManager 0.5.* to handle lazy initialization of services",
                "zendframework/zendpdf": "ZendPdf for creating PDF representations of barcodes",
                "zendframework/zendservice-recaptcha": "ZendService\\ReCaptcha for rendering ReCaptchas in Zend\\Captcha and/or Zend\\Form"
            },
            "bin": [
                "bin/classmap_generator.php",
                "bin/pluginmap_generator.php",
                "bin/templatemap_generator.php"
            ],
            "type": "library",
            "extra": {
                "branch-alias": {
                    "dev-master": "2.3-dev",
                    "dev-develop": "2.4-dev"
                }
            },
            "autoload": {
                "psr-0": {
                    "Zend\\": "library/"
                }
            },
            "notification-url": "https://packagist.org/downloads/",
            "license": [
                "BSD-3-Clause"
            ],
            "description": "Zend Framework 2",
            "homepage": "http://framework.zend.com/",
            "keywords": [
                "framework",
                "zf2"
            ],
            "time": "2014-04-15 14:47:18"
        },
        {
            "name": "zendframework/zendservice-recaptcha",
            "version": "dev-master",
            "source": {
                "type": "git",
                "url": "https://github.com/zendframework/ZendService_ReCaptcha.git",
                "reference": "f77367b79fed0b043eef18e59cae607b47b1c3e2"
            },
            "dist": {
                "type": "zip",
                "url": "https://api.github.com/repos/zendframework/ZendService_ReCaptcha/zipball/f77367b79fed0b043eef18e59cae607b47b1c3e2",
                "reference": "f77367b79fed0b043eef18e59cae607b47b1c3e2",
                "shasum": ""
            },
            "require": {
                "php": ">=5.3.3",
                "zendframework/zend-config": ">=2.0.0",
                "zendframework/zend-http": ">=2.0.0",
                "zendframework/zend-json": ">=2.0.0"
            },
            "require-dev": {
                "phpunit/phpunit": "3.7.*"
            },
            "type": "library",
            "extra": {
                "branch-alias": {
                    "dev-master": "2.0.x-dev"
                }
            },
            "autoload": {
                "psr-0": {
                    "ZendService\\ReCaptcha\\": "library/"
                }
            },
            "notification-url": "https://packagist.org/downloads/",
            "license": [
                "BSD-3-Clause"
            ],
            "description": "OOP wrapper for the ReCaptcha web service",
            "homepage": "http://packages.zendframework.com/",
            "keywords": [
                "recaptcha",
                "zf2"
            ],
            "time": "2012-12-11 22:09:14"
        },
        {
            "name": "zendframework/zendxml",
            "version": "1.0.0",
            "source": {
                "type": "git",
                "url": "https://github.com/zendframework/ZendXml.git",
                "reference": "559b34f426d33a11c3db118e00ce14bb8dc64e5f"
            },
            "dist": {
                "type": "zip",
                "url": "https://api.github.com/repos/zendframework/ZendXml/zipball/559b34f426d33a11c3db118e00ce14bb8dc64e5f",
                "reference": "559b34f426d33a11c3db118e00ce14bb8dc64e5f",
                "shasum": ""
            },
            "require": {
                "php": ">=5.3.3"
            },
            "require-dev": {
                "fabpot/php-cs-fixer": "*@dev",
                "phpunit/phpunit": "~3.7"
            },
            "type": "library",
            "extra": {
                "branch-alias": {
                    "dev-master": "1.0-dev"
                }
            },
            "autoload": {
                "psr-0": {
                    "ZendXml": "library/"
                }
            },
            "notification-url": "https://packagist.org/downloads/",
            "license": [
                "BSD-3-Clause"
            ],
            "description": "Utility library for XML usage, best practices, and security in PHP",
            "homepage": "http://packages.zendframework.com/",
            "keywords": [
                "security",
                "xml",
                "zf2"
            ],
            "time": "2014-03-05 22:25:44"
        },
        {
            "name": "zf-commons/zfc-admin",
            "version": "dev-master",
            "source": {
                "type": "git",
                "url": "https://github.com/ZF-Commons/ZfcAdmin.git",
                "reference": "38425f306085901f0d6ab796aaae33b3847e0936"
            },
            "dist": {
                "type": "zip",
                "url": "https://api.github.com/repos/ZF-Commons/ZfcAdmin/zipball/38425f306085901f0d6ab796aaae33b3847e0936",
                "reference": "38425f306085901f0d6ab796aaae33b3847e0936",
                "shasum": ""
            },
            "require": {
                "php": ">=5.3.3",
                "zendframework/zendframework": "2.*"
            },
            "suggest": {
                "bjyoungblood/bjy-authorize": "Access control to protect ZfcAdmin against unauthorized users"
            },
            "type": "library",
            "autoload": {
                "psr-0": {
                    "ZfcAdmin": "src/"
                },
                "classmap": [
                    "./Module.php"
                ]
            },
            "notification-url": "https://packagist.org/downloads/",
            "license": [
                "BSD-3-Clause"
            ],
            "authors": [
                {
                    "name": "Jurian Sluiman ",
                    "email": "jurian@juriansluiman.nl",
                    "homepage": "http://juriansluiman.nl/en/"
                },
                {
                    "name": "Martin Shwalbe",
                    "email": "martin.shwalbe@gmail.com",
                    "homepage": "http://hounddog.github.io"
                }
            ],
            "description": "A generic Admin module for ZF2.",
            "homepage": "https://github.com/juriansluiman/ZfcAdmin",
            "keywords": [
                "zf2"
            ],
            "time": "2014-04-15 07:08:25"
        },
        {
            "name": "zf-commons/zfc-base",
            "version": "v0.1.2",
            "source": {
                "type": "git",
                "url": "https://github.com/ZF-Commons/ZfcBase.git",
                "reference": "fc68a49b58ba68584a9a4c44a1ca9df12b30d1bf"
            },
            "dist": {
                "type": "zip",
                "url": "https://api.github.com/repos/ZF-Commons/ZfcBase/zipball/fc68a49b58ba68584a9a4c44a1ca9df12b30d1bf",
                "reference": "fc68a49b58ba68584a9a4c44a1ca9df12b30d1bf",
                "shasum": ""
            },
            "require": {
                "php": ">=5.3.3",
                "zendframework/zend-db": "~2.1",
                "zendframework/zend-eventmanager": "~2.1",
                "zendframework/zend-loader": "~2.1",
                "zendframework/zend-modulemanager": "~2.1",
                "zendframework/zend-mvc": "~2.1",
                "zendframework/zend-servicemanager": "~2.1",
                "zendframework/zend-stdlib": "~2.1"
            },
            "type": "library",
            "autoload": {
                "psr-0": {
                    "ZfcBase": "src/"
                },
                "classmap": [
                    "./Module.php"
                ]
            },
            "notification-url": "https://packagist.org/downloads/",
            "authors": [
                {
                    "name": "Kyle Spraggs",
                    "email": "theman@spiffyjr.me",
                    "homepage": "http://www.spiffyjr.me/"
                },
                {
                    "name": "Evan Coury",
                    "email": "me@evancoury.com",
                    "homepage": "http://blog.evan.pro/"
                }
            ],
            "description": "A set of genetic (abstract) classes which are commonly used across multiple modules.",
            "homepage": "https://github.com/ZF-Commons/ZfcBase",
            "keywords": [
                "zf2"
            ],
            "time": "2013-05-02 12:33:49"
        },
        {
            "name": "zf-commons/zfc-user",
            "version": "0.1.3",
            "source": {
                "type": "git",
                "url": "https://github.com/ZF-Commons/ZfcUser.git",
                "reference": "db5b39df5f640c86299c74f46a91869c09c9a3ed"
            },
            "dist": {
                "type": "zip",
                "url": "https://api.github.com/repos/ZF-Commons/ZfcUser/zipball/db5b39df5f640c86299c74f46a91869c09c9a3ed",
                "reference": "db5b39df5f640c86299c74f46a91869c09c9a3ed",
                "shasum": ""
            },
            "require": {
                "php": ">=5.3.3",
                "zendframework/zend-authentication": "~2.1",
                "zendframework/zend-crypt": "~2.1",
                "zendframework/zend-form": "~2.1",
                "zendframework/zend-http": "~2.1",
                "zendframework/zend-inputfilter": "~2.1",
                "zendframework/zend-loader": "~2.1",
                "zendframework/zend-modulemanager": "~2.1",
                "zendframework/zend-mvc": "~2.1",
                "zendframework/zend-servicemanager": "~2.1",
                "zendframework/zend-session": "~2.1",
                "zendframework/zend-stdlib": "~2.1",
                "zendframework/zend-validator": "~2.1",
                "zendframework/zend-view": "~2.1",
                "zf-commons/zfc-base": "0.*"
            },
            "require-dev": {
                "phpmd/phpmd": "1.4.*",
                "phpunit/phpunit": ">=3.7,<4",
                "squizlabs/php_codesniffer": "1.4.*",
                "zendframework/zend-captcha": "~2.1"
            },
            "suggest": {
                "zendframework/zend-captcha": "Zend\\Captcha if you want to use the captcha component"
            },
            "type": "library",
            "extra": {
                "branch-alias": {
                    "dev-master": "0.1.x-dev"
                }
            },
            "autoload": {
                "psr-0": {
                    "ZfcUser": "src/"
                },
                "classmap": [
                    "./Module.php"
                ]
            },
            "notification-url": "https://packagist.org/downloads/",
            "license": [
                "BSD-3-Clause"
            ],
            "authors": [
                {
                    "name": "Kyle Spraggs",
                    "email": "theman@spiffyjr.me",
                    "homepage": "http://www.spiffyjr.me/"
                },
                {
                    "name": "Evan Coury",
                    "email": "me@evancoury.com",
                    "homepage": "http://blog.evan.pro/"
                }
            ],
            "description": "A generic user registration and authentication module for ZF2. Supports Zend\\Db and Doctrine2.",
            "homepage": "https://github.com/ZF-Commons/ZfcUser",
            "keywords": [
                "zf2"
            ],
            "time": "2014-04-17 10:31:44"
        }
    ],
    "packages-dev": [

    ],
    "aliases": [

    ],
    "minimum-stability": "stable",
    "stability-flags": {
        "bjyoungblood/bjy-profiler": 20,
        "zf-commons/zfc-admin": 20,
        "socalnick/scn-social-auth": 20,
        "hybridauth/hybridauth": 20,
        "phly/phly-contact": 20,
        "zendframework/zendservice-recaptcha": 20,
        "thadafinser/zfc-datagrid": 20,
        "tecnick.com/tcpdf": 20
    },
    "platform": {
        "php": ">=5.3.3"
    },
    "platform-dev": [

    ]
}
